dependencies:
- name: harbor
  repository: https://helm.goharbor.io
  version: 1.17.1
- name: postgresql
  repository: oci://registry-1.docker.io/bitnamicharts
  version: 16.7.21
- name: redis
  repository: oci://registry1.dso.mil/bigbang
  version: 20.6.2-bb.2
- name: gluon
  repository: oci://registry1.dso.mil/bigbang
  version: 0.7.0
digest: sha256:238c863edc5c48eeb433e26df4b80a9864d89a9c9e1b03ff40090b60e7e9aa7f
generated: "2025-07-25T10:48:32.308442-05:00"
