dependencies:
- name: postgresql
  repository: oci://registry-1.docker.io/bitnamicharts
  version: 16.4.6
- name: redis
  repository: oci://registry1.dso.mil/bigbang
  version: 20.6.2-bb.0
- name: gluon
  repository: oci://registry1.dso.mil/bigbang
  version: 0.5.14
digest: sha256:c29f9732cd37138355f8cc2277164ba9804c311ed4deaf4580c602b45d662695
generated: "2025-02-04T07:18:49.629549508Z"
